{
    "version": 3,
    "terraform_version": "0.10.8",
    "serial": 4,
    "lineage": "dd188fbc-5467-4dab-a051-1210e25bbd61",
    "modules": [
        {
            "path": [
                "root"
            ],
            "outputs": {},
            "resources": {
                "aws_autoscaling_group.example-autoscaling": {
                    "type": "aws_autoscaling_group",
                    "depends_on": [
                        "aws_launch_configuration.example-launchconfig",
                        "aws_subnet.main-public-1",
                        "aws_subnet.main-public-2"
                    ],
                    "primary": {
                        "id": "example-autoscaling",
                        "attributes": {
                            "arn": "arn:aws:autoscaling:us-west-2:654246500734:autoScalingGroup:4b720031-cc36-4131-8840-c99cc18aed0e:autoScalingGroupName/example-autoscaling",
                            "availability_zones.#": "2",
                            "availability_zones.221770259": "us-west-2b",
                            "availability_zones.2487133097": "us-west-2a",
                            "default_cooldown": "300",
                            "desired_capacity": "9",
                            "force_delete": "true",
                            "health_check_grace_period": "300",
                            "health_check_type": "EC2",
                            "id": "example-autoscaling",
                            "launch_configuration": "example-launchconfig20171115024624867000000001",
                            "load_balancers.#": "0",
                            "max_size": "13",
                            "metrics_granularity": "1Minute",
                            "min_size": "9",
                            "name": "example-autoscaling",
                            "placement_group": "",
                            "protect_from_scale_in": "false",
                            "suspended_processes.#": "0",
                            "tag.#": "1",
                            "tag.1408005840.key": "Name",
                            "tag.1408005840.propagate_at_launch": "true",
                            "tag.1408005840.value": "ec2 instance",
                            "target_group_arns.#": "0",
                            "termination_policies.#": "0",
                            "vpc_zone_identifier.#": "2",
                            "vpc_zone_identifier.1641590036": "subnet-d2185ab4",
                            "vpc_zone_identifier.1931708630": "subnet-f1c3a0b9",
                            "wait_for_capacity_timeout": "10m"
                        },
                        "meta": {
                            "e2bfb730-ecaa-11e6-8f88-34363bc7c4c0": {
                                "delete": 600000000000
                            }
                        },
                        "tainted": false
                    },
                    "deposed": [],
                    "provider": ""
                },
                "aws_autoscaling_policy.example-cpu-policy": {
                    "type": "aws_autoscaling_policy",
                    "depends_on": [
                        "aws_autoscaling_group.example-autoscaling"
                    ],
                    "primary": {
                        "id": "example-cpu-policy",
                        "attributes": {
                            "adjustment_type": "ChangeInCapacity",
                            "arn": "arn:aws:autoscaling:us-west-2:654246500734:scalingPolicy:6bda1f33-3b3b-4e15-9e57-7ad4e1a560ff:autoScalingGroupName/example-autoscaling:policyName/example-cpu-policy",
                            "autoscaling_group_name": "example-autoscaling",
                            "cooldown": "300",
                            "estimated_instance_warmup": "0",
                            "id": "example-cpu-policy",
                            "metric_aggregation_type": "",
                            "min_adjustment_step": "0",
                            "name": "example-cpu-policy",
                            "policy_type": "SimpleScaling",
                            "scaling_adjustment": "1",
                            "step_adjustment.#": "0"
                        },
                        "meta": {},
                        "tainted": false
                    },
                    "deposed": [],
                    "provider": ""
                },
                "aws_autoscaling_policy.example-cpu-policy-scaledown": {
                    "type": "aws_autoscaling_policy",
                    "depends_on": [
                        "aws_autoscaling_group.example-autoscaling"
                    ],
                    "primary": {
                        "id": "example-cpu-policy-scaledown",
                        "attributes": {
                            "adjustment_type": "ChangeInCapacity",
                            "arn": "arn:aws:autoscaling:us-west-2:654246500734:scalingPolicy:36710d49-12c3-4d88-91b0-806f121cd5fc:autoScalingGroupName/example-autoscaling:policyName/example-cpu-policy-scaledown",
                            "autoscaling_group_name": "example-autoscaling",
                            "cooldown": "300",
                            "estimated_instance_warmup": "0",
                            "id": "example-cpu-policy-scaledown",
                            "metric_aggregation_type": "",
                            "min_adjustment_step": "0",
                            "name": "example-cpu-policy-scaledown",
                            "policy_type": "SimpleScaling",
                            "scaling_adjustment": "-1",
                            "step_adjustment.#": "0"
                        },
                        "meta": {},
                        "tainted": false
                    },
                    "deposed": [],
                    "provider": ""
                },
                "aws_cloudwatch_metric_alarm.example-cpu-alarm": {
                    "type": "aws_cloudwatch_metric_alarm",
                    "depends_on": [
                        "aws_autoscaling_group.example-autoscaling",
                        "aws_autoscaling_policy.example-cpu-policy"
                    ],
                    "primary": {
                        "id": "example-cpu-alarm",
                        "attributes": {
                            "actions_enabled": "true",
                            "alarm_actions.#": "1",
                            "alarm_actions.2696603571": "arn:aws:autoscaling:us-west-2:654246500734:scalingPolicy:6bda1f33-3b3b-4e15-9e57-7ad4e1a560ff:autoScalingGroupName/example-autoscaling:policyName/example-cpu-policy",
                            "alarm_description": "example-cpu-alarm",
                            "alarm_name": "example-cpu-alarm",
                            "comparison_operator": "GreaterThanOrEqualToThreshold",
                            "dimensions.%": "1",
                            "dimensions.AutoScalingGroupName": "example-autoscaling",
                            "evaluate_low_sample_count_percentiles": "",
                            "evaluation_periods": "2",
                            "extended_statistic": "",
                            "id": "example-cpu-alarm",
                            "insufficient_data_actions.#": "0",
                            "metric_name": "CPUUtilization",
                            "namespace": "AWS/EC2",
                            "ok_actions.#": "0",
                            "period": "120",
                            "statistic": "Average",
                            "threshold": "30",
                            "treat_missing_data": "missing",
                            "unit": ""
                        },
                        "meta": {
                            "schema_version": "1"
                        },
                        "tainted": false
                    },
                    "deposed": [],
                    "provider": ""
                },
                "aws_cloudwatch_metric_alarm.example-cpu-alarm-scaledown": {
                    "type": "aws_cloudwatch_metric_alarm",
                    "depends_on": [
                        "aws_autoscaling_group.example-autoscaling",
                        "aws_autoscaling_policy.example-cpu-policy-scaledown"
                    ],
                    "primary": {
                        "id": "example-cpu-alarm-scaledown",
                        "attributes": {
                            "actions_enabled": "true",
                            "alarm_actions.#": "1",
                            "alarm_actions.3572754016": "arn:aws:autoscaling:us-west-2:654246500734:scalingPolicy:36710d49-12c3-4d88-91b0-806f121cd5fc:autoScalingGroupName/example-autoscaling:policyName/example-cpu-policy-scaledown",
                            "alarm_description": "example-cpu-alarm-scaledown",
                            "alarm_name": "example-cpu-alarm-scaledown",
                            "comparison_operator": "LessThanOrEqualToThreshold",
                            "dimensions.%": "1",
                            "dimensions.AutoScalingGroupName": "example-autoscaling",
                            "evaluate_low_sample_count_percentiles": "",
                            "evaluation_periods": "2",
                            "extended_statistic": "",
                            "id": "example-cpu-alarm-scaledown",
                            "insufficient_data_actions.#": "0",
                            "metric_name": "CPUUtilization",
                            "namespace": "AWS/EC2",
                            "ok_actions.#": "0",
                            "period": "120",
                            "statistic": "Average",
                            "threshold": "5",
                            "treat_missing_data": "missing",
                            "unit": ""
                        },
                        "meta": {
                            "schema_version": "1"
                        },
                        "tainted": false
                    },
                    "deposed": [],
                    "provider": ""
                },
                "aws_internet_gateway.main-gw": {
                    "type": "aws_internet_gateway",
                    "depends_on": [
                        "aws_vpc.main"
                    ],
                    "primary": {
                        "id": "igw-d2aaa6b5",
                        "attributes": {
                            "id": "igw-d2aaa6b5",
                            "tags.%": "1",
                            "tags.Name": "main",
                            "vpc_id": "vpc-8f3d06e9"
                        },
                        "meta": {},
                        "tainted": false
                    },
                    "deposed": [],
                    "provider": ""
                },
                "aws_key_pair.mykeypair": {
                    "type": "aws_key_pair",
                    "depends_on": [],
                    "primary": {
                        "id": "amos6224",
                        "attributes": {
                            "fingerprint": "be:64:ee:2a:61:c8:35:f8:e9:70:17:27:e0:d9:dd:b1",
                            "id": "amos6224",
                            "key_name": "amos6224",
                            "public_key": "ssh-rsa AAAAB3NzaC1yc2EAAAADAQABAAABAQDdri+EtVNNCYf+EuTEajy1W5drWQREyMVeCBTOncrHjQR5UByEUwrtTQC5K678IwiNqXrf9VN2LMvsUFAFPwPPl0scIQ+93WKD3VBUdtmp7ov7406GXYnbHxhUTnHdOKKmizgUcRsDESf1htHkMY/t3BgzuVJZvypmQ2yHhyshiU6XPm1h75gdTLOGLeUwCWqn19ih2/C22edYzdgyiP0aIPRRQd2MvWIDFWfDm7XaL3Vc0/KmVeYNmHV8iVgbBZgacLbNy1zmd//e4jLw4FLztaYUcSmY4+XrUJ0VE9Zndkq2vCCGubnvtwrxkZb6XoeaUr06udb++JQ8+2A08ISR jeff.destine@NYCMBP4.local"
                        },
                        "meta": {
                            "schema_version": "1"
                        },
                        "tainted": false
                    },
                    "deposed": [],
                    "provider": ""
                },
                "aws_launch_configuration.example-launchconfig": {
                    "type": "aws_launch_configuration",
                    "depends_on": [
                        "aws_key_pair.mykeypair",
                        "aws_security_group.allow-ssh"
                    ],
                    "primary": {
                        "id": "example-launchconfig20171115024624867000000001",
                        "attributes": {
                            "associate_public_ip_address": "false",
                            "ebs_block_device.#": "0",
                            "ebs_optimized": "false",
                            "enable_monitoring": "true",
                            "ephemeral_block_device.#": "0",
                            "iam_instance_profile": "",
                            "id": "example-launchconfig20171115024624867000000001",
                            "image_id": "ami-06b94666",
                            "instance_type": "t2.micro",
                            "key_name": "amos6224",
                            "name": "example-launchconfig20171115024624867000000001",
                            "name_prefix": "example-launchconfig",
                            "root_block_device.#": "0",
                            "security_groups.#": "1",
                            "security_groups.3502373953": "sg-572c232a",
                            "spot_price": "",
                            "vpc_classic_link_id": "",
                            "vpc_classic_link_security_groups.#": "0"
                        },
                        "meta": {},
                        "tainted": false
                    },
                    "deposed": [],
                    "provider": ""
                },
                "aws_route_table.main-public": {
                    "type": "aws_route_table",
                    "depends_on": [
                        "aws_internet_gateway.main-gw",
                        "aws_vpc.main"
                    ],
                    "primary": {
                        "id": "rtb-f536488c",
                        "attributes": {
                            "id": "rtb-f536488c",
                            "propagating_vgws.#": "0",
                            "route.#": "1",
                            "route.1098116646.cidr_block": "0.0.0.0/0",
                            "route.1098116646.egress_only_gateway_id": "",
                            "route.1098116646.gateway_id": "igw-d2aaa6b5",
                            "route.1098116646.instance_id": "",
                            "route.1098116646.ipv6_cidr_block": "",
                            "route.1098116646.nat_gateway_id": "",
                            "route.1098116646.network_interface_id": "",
                            "route.1098116646.vpc_peering_connection_id": "",
                            "tags.%": "1",
                            "tags.Name": "main-public-1",
                            "vpc_id": "vpc-8f3d06e9"
                        },
                        "meta": {},
                        "tainted": false
                    },
                    "deposed": [],
                    "provider": ""
                },
                "aws_route_table_association.main-public-1-a": {
                    "type": "aws_route_table_association",
                    "depends_on": [
                        "aws_route_table.main-public",
                        "aws_subnet.main-public-1"
                    ],
                    "primary": {
                        "id": "rtbassoc-27769f5c",
                        "attributes": {
                            "id": "rtbassoc-27769f5c",
                            "route_table_id": "rtb-f536488c",
                            "subnet_id": "subnet-d2185ab4"
                        },
                        "meta": {},
                        "tainted": false
                    },
                    "deposed": [],
                    "provider": ""
                },
                "aws_route_table_association.main-public-2-a": {
                    "type": "aws_route_table_association",
                    "depends_on": [
                        "aws_route_table.main-public",
                        "aws_subnet.main-public-2"
                    ],
                    "primary": {
                        "id": "rtbassoc-d1729baa",
                        "attributes": {
                            "id": "rtbassoc-d1729baa",
                            "route_table_id": "rtb-f536488c",
                            "subnet_id": "subnet-f1c3a0b9"
                        },
                        "meta": {},
                        "tainted": false
                    },
                    "deposed": [],
                    "provider": ""
                },
                "aws_route_table_association.main-public-3-a": {
                    "type": "aws_route_table_association",
                    "depends_on": [
                        "aws_route_table.main-public",
                        "aws_subnet.main-public-3"
                    ],
                    "primary": {
                        "id": "rtbassoc-82739af9",
                        "attributes": {
                            "id": "rtbassoc-82739af9",
                            "route_table_id": "rtb-f536488c",
                            "subnet_id": "subnet-c0fcfc9b"
                        },
                        "meta": {},
                        "tainted": false
                    },
                    "deposed": [],
                    "provider": ""
                },
                "aws_security_group.allow-ssh": {
                    "type": "aws_security_group",
                    "depends_on": [
                        "aws_vpc.main"
                    ],
                    "primary": {
                        "id": "sg-572c232a",
                        "attributes": {
                            "description": "security group that allows ssh and all egress traffic",
                            "egress.#": "1",
                            "egress.482069346.cidr_blocks.#": "1",
                            "egress.482069346.cidr_blocks.0": "0.0.0.0/0",
                            "egress.482069346.description": "",
                            "egress.482069346.from_port": "0",
                            "egress.482069346.ipv6_cidr_blocks.#": "0",
                            "egress.482069346.prefix_list_ids.#": "0",
                            "egress.482069346.protocol": "-1",
                            "egress.482069346.security_groups.#": "0",
                            "egress.482069346.self": "false",
                            "egress.482069346.to_port": "0",
                            "id": "sg-572c232a",
                            "ingress.#": "1",
                            "ingress.2541437006.cidr_blocks.#": "1",
                            "ingress.2541437006.cidr_blocks.0": "0.0.0.0/0",
                            "ingress.2541437006.description": "",
                            "ingress.2541437006.from_port": "22",
                            "ingress.2541437006.ipv6_cidr_blocks.#": "0",
                            "ingress.2541437006.protocol": "tcp",
                            "ingress.2541437006.security_groups.#": "0",
                            "ingress.2541437006.self": "false",
                            "ingress.2541437006.to_port": "22",
                            "name": "allow-ssh",
                            "owner_id": "654246500734",
                            "revoke_rules_on_delete": "false",
                            "tags.%": "1",
                            "tags.Name": "allow-ssh",
                            "vpc_id": "vpc-8f3d06e9"
                        },
                        "meta": {
                            "schema_version": "1"
                        },
                        "tainted": false
                    },
                    "deposed": [],
                    "provider": ""
                },
                "aws_subnet.main-private-1": {
                    "type": "aws_subnet",
                    "depends_on": [
                        "aws_vpc.main"
                    ],
                    "primary": {
                        "id": "subnet-0a1a586c",
                        "attributes": {
                            "assign_ipv6_address_on_creation": "false",
                            "availability_zone": "us-west-2a",
                            "cidr_block": "10.0.4.0/24",
                            "id": "subnet-0a1a586c",
                            "map_public_ip_on_launch": "false",
                            "tags.%": "1",
                            "tags.Name": "main-private-1",
                            "vpc_id": "vpc-8f3d06e9"
                        },
                        "meta": {
                            "schema_version": "1"
                        },
                        "tainted": false
                    },
                    "deposed": [],
                    "provider": ""
                },
                "aws_subnet.main-private-2": {
                    "type": "aws_subnet",
                    "depends_on": [
                        "aws_vpc.main"
                    ],
                    "primary": {
                        "id": "subnet-60c6a528",
                        "attributes": {
                            "assign_ipv6_address_on_creation": "false",
                            "availability_zone": "us-west-2b",
                            "cidr_block": "10.0.5.0/24",
                            "id": "subnet-60c6a528",
                            "map_public_ip_on_launch": "false",
                            "tags.%": "1",
                            "tags.Name": "main-private-2",
                            "vpc_id": "vpc-8f3d06e9"
                        },
                        "meta": {
                            "schema_version": "1"
                        },
                        "tainted": false
                    },
                    "deposed": [],
                    "provider": ""
                },
                "aws_subnet.main-private-3": {
                    "type": "aws_subnet",
                    "depends_on": [
                        "aws_vpc.main"
                    ],
                    "primary": {
                        "id": "subnet-ddfbfb86",
                        "attributes": {
                            "assign_ipv6_address_on_creation": "false",
                            "availability_zone": "us-west-2c",
                            "cidr_block": "10.0.6.0/24",
                            "id": "subnet-ddfbfb86",
                            "map_public_ip_on_launch": "false",
                            "tags.%": "1",
                            "tags.Name": "main-private-3",
                            "vpc_id": "vpc-8f3d06e9"
                        },
                        "meta": {
                            "schema_version": "1"
                        },
                        "tainted": false
                    },
                    "deposed": [],
                    "provider": ""
                },
                "aws_subnet.main-public-1": {
                    "type": "aws_subnet",
                    "depends_on": [
                        "aws_vpc.main"
                    ],
                    "primary": {
                        "id": "subnet-d2185ab4",
                        "attributes": {
                            "assign_ipv6_address_on_creation": "false",
                            "availability_zone": "us-west-2a",
                            "cidr_block": "10.0.1.0/24",
                            "id": "subnet-d2185ab4",
                            "map_public_ip_on_launch": "true",
                            "tags.%": "1",
                            "tags.Name": "main-public-1",
                            "vpc_id": "vpc-8f3d06e9"
                        },
                        "meta": {
                            "schema_version": "1"
                        },
                        "tainted": false
                    },
                    "deposed": [],
                    "provider": ""
                },
                "aws_subnet.main-public-2": {
                    "type": "aws_subnet",
                    "depends_on": [
                        "aws_vpc.main"
                    ],
                    "primary": {
                        "id": "subnet-f1c3a0b9",
                        "attributes": {
                            "assign_ipv6_address_on_creation": "false",
                            "availability_zone": "us-west-2b",
                            "cidr_block": "10.0.2.0/24",
                            "id": "subnet-f1c3a0b9",
                            "map_public_ip_on_launch": "true",
                            "tags.%": "1",
                            "tags.Name": "main-public-2",
                            "vpc_id": "vpc-8f3d06e9"
                        },
                        "meta": {
                            "schema_version": "1"
                        },
                        "tainted": false
                    },
                    "deposed": [],
                    "provider": ""
                },
                "aws_subnet.main-public-3": {
                    "type": "aws_subnet",
                    "depends_on": [
                        "aws_vpc.main"
                    ],
                    "primary": {
                        "id": "subnet-c0fcfc9b",
                        "attributes": {
                            "assign_ipv6_address_on_creation": "false",
                            "availability_zone": "us-west-2c",
                            "cidr_block": "10.0.3.0/24",
                            "id": "subnet-c0fcfc9b",
                            "map_public_ip_on_launch": "true",
                            "tags.%": "1",
                            "tags.Name": "main-public-3",
                            "vpc_id": "vpc-8f3d06e9"
                        },
                        "meta": {
                            "schema_version": "1"
                        },
                        "tainted": false
                    },
                    "deposed": [],
                    "provider": ""
                },
                "aws_vpc.main": {
                    "type": "aws_vpc",
                    "depends_on": [],
                    "primary": {
                        "id": "vpc-8f3d06e9",
                        "attributes": {
                            "assign_generated_ipv6_cidr_block": "false",
                            "cidr_block": "10.0.0.0/16",
                            "default_network_acl_id": "acl-5f0dac26",
                            "default_route_table_id": "rtb-873d43fe",
                            "default_security_group_id": "sg-2f2f2052",
                            "dhcp_options_id": "dopt-63e4a304",
                            "enable_classiclink": "false",
                            "enable_classiclink_dns_support": "false",
                            "enable_dns_hostnames": "true",
                            "enable_dns_support": "true",
                            "id": "vpc-8f3d06e9",
                            "instance_tenancy": "default",
                            "main_route_table_id": "rtb-873d43fe",
                            "tags.%": "1",
                            "tags.Name": "main"
                        },
                        "meta": {
                            "schema_version": "1"
                        },
                        "tainted": false
                    },
                    "deposed": [],
                    "provider": ""
                }
            },
            "depends_on": []
        }
    ]
}
