{
    "version": 3,
    "terraform_version": "0.10.7",
    "serial": 2,
    "lineage": "a0c53760-4f16-491c-b73b-525ccdf55d8d",
    "modules": [
        {
            "path": [
                "root"
            ],
            "outputs": {
                "unify_ip": {
                    "sensitive": false,
                    "type": "string",
                    "value": "54.183.250.68"
                }
            },
            "resources": {
                "aws_instance.unify": {
                    "type": "aws_instance",
                    "depends_on": [
                        "aws_key_pair.unify",
                        "aws_security_group.unify",
                        "aws_subnet.public",
                        "data.aws_ami.unifi"
                    ],
                    "primary": {
                        "id": "i-0f75963c72b968456",
                        "attributes": {
                            "ami": "ami-283f0d48",
                            "associate_public_ip_address": "true",
                            "availability_zone": "us-west-1c",
                            "disable_api_termination": "false",
                            "ebs_block_device.#": "0",
                            "ebs_optimized": "false",
                            "ephemeral_block_device.#": "0",
                            "iam_instance_profile": "",
                            "id": "i-0f75963c72b968456",
                            "instance_state": "running",
                            "instance_type": "t2.micro",
                            "ipv6_addresses.#": "0",
                            "key_name": "Jeff",
                            "monitoring": "false",
                            "network_interface.#": "0",
                            "network_interface_id": "eni-2d629a02",
                            "primary_network_interface_id": "eni-2d629a02",
                            "private_dns": "ip-10-0-1-117.us-west-1.compute.internal",
                            "private_ip": "10.0.1.117",
                            "public_dns": "",
                            "public_ip": "54.183.250.68",
                            "root_block_device.#": "1",
                            "root_block_device.0.delete_on_termination": "true",
                            "root_block_device.0.iops": "100",
                            "root_block_device.0.volume_size": "8",
                            "root_block_device.0.volume_type": "gp2",
                            "security_groups.#": "0",
                            "source_dest_check": "true",
                            "subnet_id": "subnet-82f92de5",
                            "tags.%": "0",
                            "tenancy": "default",
                            "volume_tags.%": "0",
                            "vpc_security_group_ids.#": "1",
                            "vpc_security_group_ids.3854993682": "sg-57d1a631"
                        },
                        "meta": {
                            "e2bfb730-ecaa-11e6-8f88-34363bc7c4c0": {
                                "create": 600000000000,
                                "delete": 600000000000,
                                "update": 600000000000
                            },
                            "schema_version": "1"
                        },
                        "tainted": false
                    },
                    "deposed": [],
                    "provider": ""
                },
                "aws_key_pair.unify": {
                    "type": "aws_key_pair",
                    "depends_on": [],
                    "primary": {
                        "id": "Jeff",
                        "attributes": {
                            "id": "Jeff",
                            "key_name": "Jeff",
                            "public_key": "ssh-rsa AAAAB3NzaC1yc2EAAAADAQABAAABAQDdri+EtVNNCYf+EuTEajy1W5drWQREyMVeCBTOncrHjQR5UByEUwrtTQC5K678IwiNqXrf9VN2LMvsUFAFPwPPl0scIQ+93WKD3VBUdtmp7ov7406GXYnbHxhUTnHdOKKmizgUcRsDESf1htHkMY/t3BgzuVJZvypmQ2yHhyshiU6XPm1h75gdTLOGLeUwCWqn19ih2/C22edYzdgyiP0aIPRRQd2MvWIDFWfDm7XaL3Vc0/KmVeYNmHV8iVgbBZgacLbNy1zmd//e4jLw4FLztaYUcSmY4+XrUJ0VE9Zndkq2vCCGubnvtwrxkZb6XoeaUr06udb++JQ8+2A08ISR jeff.destine@NYCMBP4.local"
                        },
                        "meta": {
                            "schema_version": "1"
                        },
                        "tainted": false
                    },
                    "deposed": [],
                    "provider": ""
                },
                "aws_security_group.unify": {
                    "type": "aws_security_group",
                    "depends_on": [
                        "aws_vpc.unify"
                    ],
                    "primary": {
                        "id": "sg-57d1a631",
                        "attributes": {
                            "description": "unify security group",
                            "egress.#": "1",
                            "egress.482069346.cidr_blocks.#": "1",
                            "egress.482069346.cidr_blocks.0": "0.0.0.0/0",
                            "egress.482069346.from_port": "0",
                            "egress.482069346.ipv6_cidr_blocks.#": "0",
                            "egress.482069346.prefix_list_ids.#": "0",
                            "egress.482069346.protocol": "-1",
                            "egress.482069346.security_groups.#": "0",
                            "egress.482069346.self": "false",
                            "egress.482069346.to_port": "0",
                            "id": "sg-57d1a631",
                            "ingress.#": "7",
                            "ingress.1576991440.cidr_blocks.#": "1",
                            "ingress.1576991440.cidr_blocks.0": "72.89.250.26/32",
                            "ingress.1576991440.from_port": "22",
                            "ingress.1576991440.ipv6_cidr_blocks.#": "0",
                            "ingress.1576991440.protocol": "tcp",
                            "ingress.1576991440.security_groups.#": "0",
                            "ingress.1576991440.self": "false",
                            "ingress.1576991440.to_port": "22",
                            "ingress.1645595719.cidr_blocks.#": "1",
                            "ingress.1645595719.cidr_blocks.0": "0.0.0.0/0",
                            "ingress.1645595719.from_port": "8880",
                            "ingress.1645595719.ipv6_cidr_blocks.#": "0",
                            "ingress.1645595719.protocol": "tcp",
                            "ingress.1645595719.security_groups.#": "0",
                            "ingress.1645595719.self": "false",
                            "ingress.1645595719.to_port": "8880",
                            "ingress.1659236398.cidr_blocks.#": "1",
                            "ingress.1659236398.cidr_blocks.0": "0.0.0.0/0",
                            "ingress.1659236398.from_port": "5656",
                            "ingress.1659236398.ipv6_cidr_blocks.#": "0",
                            "ingress.1659236398.protocol": "udp",
                            "ingress.1659236398.security_groups.#": "0",
                            "ingress.1659236398.self": "false",
                            "ingress.1659236398.to_port": "5669",
                            "ingress.1856198556.cidr_blocks.#": "1",
                            "ingress.1856198556.cidr_blocks.0": "0.0.0.0/0",
                            "ingress.1856198556.from_port": "3478",
                            "ingress.1856198556.ipv6_cidr_blocks.#": "0",
                            "ingress.1856198556.protocol": "udp",
                            "ingress.1856198556.security_groups.#": "0",
                            "ingress.1856198556.self": "false",
                            "ingress.1856198556.to_port": "3478",
                            "ingress.2715662207.cidr_blocks.#": "1",
                            "ingress.2715662207.cidr_blocks.0": "0.0.0.0/0",
                            "ingress.2715662207.from_port": "8443",
                            "ingress.2715662207.ipv6_cidr_blocks.#": "0",
                            "ingress.2715662207.protocol": "tcp",
                            "ingress.2715662207.security_groups.#": "0",
                            "ingress.2715662207.self": "false",
                            "ingress.2715662207.to_port": "8443",
                            "ingress.516175195.cidr_blocks.#": "1",
                            "ingress.516175195.cidr_blocks.0": "0.0.0.0/0",
                            "ingress.516175195.from_port": "8080",
                            "ingress.516175195.ipv6_cidr_blocks.#": "0",
                            "ingress.516175195.protocol": "tcp",
                            "ingress.516175195.security_groups.#": "0",
                            "ingress.516175195.self": "false",
                            "ingress.516175195.to_port": "8080",
                            "ingress.691744698.cidr_blocks.#": "1",
                            "ingress.691744698.cidr_blocks.0": "0.0.0.0/0",
                            "ingress.691744698.from_port": "6789",
                            "ingress.691744698.ipv6_cidr_blocks.#": "0",
                            "ingress.691744698.protocol": "tcp",
                            "ingress.691744698.security_groups.#": "0",
                            "ingress.691744698.self": "false",
                            "ingress.691744698.to_port": "6789",
                            "name": "terraform-20171013041018224100000001",
                            "owner_id": "654246500734",
                            "tags.%": "0",
                            "vpc_id": "vpc-9f83aafb"
                        },
                        "meta": {},
                        "tainted": false
                    },
                    "deposed": [],
                    "provider": ""
                },
                "aws_subnet.public": {
                    "type": "aws_subnet",
                    "depends_on": [
                        "aws_vpc.unify"
                    ],
                    "primary": {
                        "id": "subnet-82f92de5",
                        "attributes": {
                            "assign_ipv6_address_on_creation": "false",
                            "availability_zone": "us-west-1c",
                            "cidr_block": "10.0.1.0/24",
                            "id": "subnet-82f92de5",
                            "map_public_ip_on_launch": "false",
                            "tags.%": "0",
                            "vpc_id": "vpc-9f83aafb"
                        },
                        "meta": {
                            "schema_version": "1"
                        },
                        "tainted": false
                    },
                    "deposed": [],
                    "provider": ""
                },
                "aws_vpc.unify": {
                    "type": "aws_vpc",
                    "depends_on": [],
                    "primary": {
                        "id": "vpc-9f83aafb",
                        "attributes": {
                            "assign_generated_ipv6_cidr_block": "false",
                            "cidr_block": "10.0.0.0/16",
                            "default_network_acl_id": "acl-6d43ac0a",
                            "default_route_table_id": "rtb-8d8379ea",
                            "default_security_group_id": "sg-2ad0a74c",
                            "dhcp_options_id": "dopt-8b18baef",
                            "enable_classiclink": "false",
                            "enable_classiclink_dns_support": "false",
                            "enable_dns_hostnames": "false",
                            "enable_dns_support": "true",
                            "id": "vpc-9f83aafb",
                            "instance_tenancy": "default",
                            "main_route_table_id": "rtb-8d8379ea",
                            "tags.%": "0"
                        },
                        "meta": {
                            "schema_version": "1"
                        },
                        "tainted": false
                    },
                    "deposed": [],
                    "provider": ""
                },
                "data.aws_ami.unifi": {
                    "type": "aws_ami",
                    "depends_on": [],
                    "primary": {
                        "id": "ami-283f0d48",
                        "attributes": {
                            "architecture": "x86_64",
                            "block_device_mappings.#": "3",
                            "block_device_mappings.1634610537.device_name": "/dev/sdb",
                            "block_device_mappings.1634610537.ebs.%": "0",
                            "block_device_mappings.1634610537.no_device": "",
                            "block_device_mappings.1634610537.virtual_name": "ephemeral0",
                            "block_device_mappings.2547816212.device_name": "/dev/sda1",
                            "block_device_mappings.2547816212.ebs.%": "6",
                            "block_device_mappings.2547816212.ebs.delete_on_termination": "true",
                            "block_device_mappings.2547816212.ebs.encrypted": "false",
                            "block_device_mappings.2547816212.ebs.iops": "0",
                            "block_device_mappings.2547816212.ebs.snapshot_id": "snap-066c8bf75b05fa90f",
                            "block_device_mappings.2547816212.ebs.volume_size": "8",
                            "block_device_mappings.2547816212.ebs.volume_type": "gp2",
                            "block_device_mappings.2547816212.no_device": "",
                            "block_device_mappings.2547816212.virtual_name": "",
                            "block_device_mappings.3850042718.device_name": "/dev/sdc",
                            "block_device_mappings.3850042718.ebs.%": "0",
                            "block_device_mappings.3850042718.no_device": "",
                            "block_device_mappings.3850042718.virtual_name": "ephemeral1",
                            "creation_date": "2017-10-13T02:38:13.000Z",
                            "hypervisor": "xen",
                            "id": "ami-283f0d48",
                            "image_id": "ami-283f0d48",
                            "image_location": "654246500734/unifi-server",
                            "image_type": "machine",
                            "most_recent": "true",
                            "name": "unifi-server",
                            "name_regex": "^unifi",
                            "owner_id": "654246500734",
                            "owners.#": "1",
                            "owners.0": "self",
                            "product_codes.#": "0",
                            "public": "false",
                            "root_device_name": "/dev/sda1",
                            "root_device_type": "ebs",
                            "sriov_net_support": "simple",
                            "state": "available",
                            "state_reason.%": "2",
                            "state_reason.code": "UNSET",
                            "state_reason.message": "UNSET",
                            "tags.#": "0",
                            "virtualization_type": "hvm"
                        },
                        "meta": {},
                        "tainted": false
                    },
                    "deposed": [],
                    "provider": ""
                }
            },
            "depends_on": []
        }
    ]
}
